
Microsoft Visual Studio Solution File, Format Version 12.00
# Visual Studio Version 16
VisualStudioVersion = 16.0.31729.503
MinimumVisualStudioVersion = 10.0.40219.1
Project("{FAE04EC0-301F-11D3-BF4B-00C04F79EFBC}") = "SignalRWPFClient", "SignalRWPFClient.csproj", "{2399368A-C565-4B13-94C6-9FFC0BE8D867}"
EndProject
Global
	GlobalSection(SolutionConfigurationPlatforms) = preSolution
		Debug|Any CPU = Debug|Any CPU
		Release|Any CPU = Release|Any CPU
	EndGlobalSection
	GlobalSection(ProjectConfigurationPlatforms) = postSolution
		{2399368A-C565-4B13-94C6-9FFC0BE8D867}.Debug|Any CPU.ActiveCfg = Debug|Any CPU
		{2399368A-C565-4B13-94C6-9FFC0BE8D867}.Debug|Any CPU.Build.0 = Debug|Any CPU
		{2399368A-C565-4B13-94C6-9FFC0BE8D867}.Release|Any CPU.ActiveCfg = Release|Any CPU
		{2399368A-C565-4B13-94C6-9FFC0BE8D867}.Release|Any CPU.Build.0 = Release|Any CPU
	EndGlobalSection
	GlobalSection(SolutionProperties) = preSolution
		HideSolutionNode = FALSE
	EndGlobalSection
	GlobalSection(ExtensibilityGlobals) = postSolution
		SolutionGuid = {E7FA82F8-D837-4868-B9C2-4B701A62FAC4}
	EndGlobalSection
EndGlobal
